{
  "version": "0.0.0",
  "lockfileVersion": 1,
  "requires": true,
  "dependencies": {
    "@babel/helper-validator-identifier": {
      "version": "7.14.5",
      "resolved": "http://172.18.19.203:4873/@babel%2fhelper-validator-identifier/-/helper-validator-identifier-7.14.5.tgz",
      "integrity": "sha1-0PDid8US4Mk4J3+qhaOWjJpEwOg="
    },
    "@babel/parser": {
      "version": "7.14.7",
      "resolved": "http://172.18.19.203:4873/@babel%2fparser/-/parser-7.14.7.tgz",
      "integrity": "sha1-YJlyDIg5yoZaJjfmyFhS6tC9tZU="
    },
    "@babel/types": {
      "version": "7.14.5",
      "resolved": "http://172.18.19.203:4873/@babel%2ftypes/-/types-7.14.5.tgz",
      "integrity": "sha1-O7mXuoKaIQTO2yBonEpbgSHTg/8=",
      "requires": {
        "@babel/helper-validator-identifier": "^7.14.5",
        "to-fast-properties": "^2.0.0"
      }
    },
    "@popperjs/core": {
      "version": "2.9.2",
      "resolved": "http://172.18.19.203:4873/@popperjs%2fcore/-/core-2.9.2.tgz",
      "integrity": "sha1-rep7aVPLs0ZRdmsFSEaOdDxqI1M="
    },
    "@rollup/pluginutils": {
      "version": "4.1.0",
      "resolved": "http://172.18.19.203:4873/@rollup%2fpluginutils/-/pluginutils-4.1.0.tgz",
      "integrity": "sha1-Dcxhx4DjkldVT+t/dyB9zsoTyDg=",
      "dev": true,
      "requires": {
        "estree-walker": "^2.0.1",
        "picomatch": "^2.2.2"
      }
    },
    "@types/estree": {
      "version": "0.0.48",
      "resolved": "http://172.18.19.203:4873/@types%2festree/-/estree-0.0.48.tgz",
      "integrity": "sha1-GNyAkbKF35DbLyWqfZBs/DlLf3Q=",
      "dev": true
    },
    "@vant/icons": {
      "version": "1.6.0",
      "resolved": "http://172.18.19.203:4873/@vant%2ficons/-/icons-1.6.0.tgz",
      "integrity": "sha1-Pbfrf5Y/UaKghnZyDVr5xMNRL+s="
    },
    "@vant/lazyload": {
      "version": "1.2.0",
      "resolved": "http://172.18.19.203:4873/@vant%2flazyload/-/lazyload-1.2.0.tgz",
      "integrity": "sha1-Yul3m9eEStj3HCyiv4UuYUfHqG0="
    },
    "@vant/popperjs": {
      "version": "1.1.0",
      "resolved": "http://172.18.19.203:4873/@vant%2fpopperjs/-/popperjs-1.1.0.tgz",
      "integrity": "sha1-tO3uW7+m+xhwWYbjE9T9XxeUKg8=",
      "requires": {
        "@popperjs/core": "^2.9.2"
      }
    },
    "@vant/use": {
      "version": "1.1.2",
      "resolved": "http://172.18.19.203:4873/@vant%2fuse/-/use-1.1.2.tgz",
      "integrity": "sha1-01Jl4F34ikewQZajCO+16J5EyhA="
    },
    "@vitejs/plugin-vue": {
      "version": "1.2.4",
      "resolved": "http://172.18.19.203:4873/@vitejs%2fplugin-vue/-/plugin-vue-1.2.4.tgz",
      "integrity": "sha1-p6puajHFVqi3gd5zAxbe7s9/VvI=",
      "dev": true
    },
    "@vue/compiler-core": {
      "version": "3.1.2",
      "resolved": "http://172.18.19.203:4873/@vue%2fcompiler-core/-/compiler-core-3.1.2.tgz",
      "integrity": "sha1-MasdiOFwalx6VF+u62TDG9AQHbA=",
      "requires": {
        "@babel/parser": "^7.12.0",
        "@babel/types": "^7.12.0",
        "@vue/shared": "3.1.2",
        "estree-walker": "^2.0.1",
        "source-map": "^0.6.1"
      }
    },
    "@vue/compiler-dom": {
      "version": "3.1.2",
      "resolved": "http://172.18.19.203:4873/@vue%2fcompiler-dom/-/compiler-dom-3.1.2.tgz",
      "integrity": "sha1-dadzG8xdlxgYOjxWwY6ZL3wT57E=",
      "requires": {
        "@vue/compiler-core": "3.1.2",
        "@vue/shared": "3.1.2"
      }
    },
    "@vue/compiler-sfc": {
      "version": "3.1.2",
      "resolved": "http://172.18.19.203:4873/@vue%2fcompiler-sfc/-/compiler-sfc-3.1.2.tgz",
      "integrity": "sha1-I/8eNm2Ie5ZImVaL/8sR49BRH8Q=",
      "dev": true,
      "requires": {
        "@babel/parser": "^7.13.9",
        "@babel/types": "^7.13.0",
        "@types/estree": "^0.0.48",
        "@vue/compiler-core": "3.1.2",
        "@vue/compiler-dom": "3.1.2",
        "@vue/compiler-ssr": "3.1.2",
        "@vue/shared": "3.1.2",
        "consolidate": "^0.16.0",
        "estree-walker": "^2.0.1",
        "hash-sum": "^2.0.0",
        "lru-cache": "^5.1.1",
        "magic-string": "^0.25.7",
        "merge-source-map": "^1.1.0",
        "postcss": "^8.1.10",
        "postcss-modules": "^4.0.0",
        "postcss-selector-parser": "^6.0.4",
        "source-map": "^0.6.1"
      }
    },
    "@vue/compiler-ssr": {
      "version": "3.1.2",
      "resolved": "http://172.18.19.203:4873/@vue%2fcompiler-ssr/-/compiler-ssr-3.1.2.tgz",
      "integrity": "sha1-4zrQh22blvCVDiKw4XS5TBsEnS0=",
      "dev": true,
      "requires": {
        "@vue/compiler-dom": "3.1.2",
        "@vue/shared": "3.1.2"
      }
    },
    "@vue/devtools-api": {
      "version": "6.0.0-beta.15",
      "resolved": "http://172.18.19.203:4873/@vue%2fdevtools-api/-/devtools-api-6.0.0-beta.15.tgz",
      "integrity": "sha1-rXyzhOBi8WW8+cg3MhJb/7wq2D0="
    },
    "@vue/reactivity": {
      "version": "3.1.2",
      "resolved": "http://172.18.19.203:4873/@vue%2freactivity/-/reactivity-3.1.2.tgz",
      "integrity": "sha1-ZvpTDdcm0v7yha5V0CEGpyfbRjs=",
      "requires": {
        "@vue/shared": "3.1.2"
      }
    },
    "@vue/runtime-core": {
      "version": "3.1.2",
      "resolved": "http://172.18.19.203:4873/@vue%2fruntime-core/-/runtime-core-3.1.2.tgz",
      "integrity": "sha1-9NvFA8/JoCq18evgAsMyJRIGSlQ=",
      "requires": {
        "@vue/reactivity": "3.1.2",
        "@vue/shared": "3.1.2"
      }
    },
    "@vue/runtime-dom": {
      "version": "3.1.2",
      "resolved": "http://172.18.19.203:4873/@vue%2fruntime-dom/-/runtime-dom-3.1.2.tgz",
      "integrity": "sha1-D9hyTxS8e6ZLbJVNh0qNik/LX+k=",
      "requires": {
        "@vue/runtime-core": "3.1.2",
        "@vue/shared": "3.1.2",
        "csstype": "^2.6.8"
      }
    },
    "@vue/shared": {
      "version": "3.1.2",
      "resolved": "http://172.18.19.203:4873/@vue%2fshared/-/shared-3.1.2.tgz",
      "integrity": "sha1-EGnAvH1vS9FczzpfO+KUUKyjaPk="
    },
    "argparse": {
      "version": "1.0.10",
      "resolved": "http://172.18.19.203:4873/argparse/-/argparse-1.0.10.tgz",
      "integrity": "sha512-o5Roy6tNG4SL/FOkCAN6RzjiakZS25RLYFrcMttJqbdd8BWrnA+fGz57iN5Pb06pvBGvl5gQ0B48dJlslXvoTg==",
      "requires": {
        "sprintf-js": "~1.0.2"
      }
    },
    "axios": {
      "version": "0.21.1",
      "resolved": "http://172.18.19.203:4873/axios/-/axios-0.21.1.tgz",
      "integrity": "sha1-IlY0gZYvTWvemnbVFu8OXTwJsrg=",
      "requires": {
        "follow-redirects": "^1.10.0"
      }
    },
    "big.js": {
      "version": "5.2.2",
      "resolved": "http://172.18.19.203:4873/big.js/-/big.js-5.2.2.tgz",
      "integrity": "sha512-vyL2OymJxmarO8gxMr0mhChsO9QGwhynfuu4+MHTAW6czfq9humCB7rKpUjDd9YUiDPU4mzpyupFSvOClAwbmQ==",
      "dev": true
    },
    "bluebird": {
      "version": "3.7.2",
      "resolved": "http://172.18.19.203:4873/bluebird/-/bluebird-3.7.2.tgz",
      "integrity": "sha512-XpNj6GDQzdfW+r2Wnn7xiSAd7TM3jzkxGXBGTtWKuSXv1xUV+azxAm8jdWZN06QTQk+2N2XB9jRDkvbmQmcRtg==",
      "dev": true
    },
    "camel-case": {
      "version": "4.1.2",
      "resolved": "http://172.18.19.203:4873/camel-case/-/camel-case-4.1.2.tgz",
      "integrity": "sha1-lygHKpVPgFIoIlpt7qazhGHhvVo=",
      "dev": true,
      "requires": {
        "pascal-case": "^3.1.2",
        "tslib": "^2.0.3"
      },
      "dependencies": {
        "tslib": {
          "version": "2.3.0",
          "resolved": "http://172.18.19.203:4873/tslib/-/tslib-2.3.0.tgz",
          "integrity": "sha1-gDuM2rPhK6WBpMpByIObuw2ssJ4=",
          "dev": true
        }
      }
    },
    "capital-case": {
      "version": "1.0.4",
      "resolved": "http://172.18.19.203:4873/capital-case/-/capital-case-1.0.4.tgz",
      "integrity": "sha1-nRMCkjU8kkn2sA+lhSvuOKcX5mk=",
      "dev": true,
      "requires": {
        "no-case": "^3.0.4",
        "tslib": "^2.0.3",
        "upper-case-first": "^2.0.2"
      },
      "dependencies": {
        "tslib": {
          "version": "2.3.0",
          "resolved": "http://172.18.19.203:4873/tslib/-/tslib-2.3.0.tgz",
          "integrity": "sha1-gDuM2rPhK6WBpMpByIObuw2ssJ4=",
          "dev": true
        }
      }
    },
    "change-case": {
      "version": "4.1.2",
      "resolved": "http://172.18.19.203:4873/change-case/-/change-case-4.1.2.tgz",
      "integrity": "sha1-/t/F8TYEXiOYwEEO5EH5VwRkHhI=",
      "dev": true,
      "requires": {
        "camel-case": "^4.1.2",
        "capital-case": "^1.0.4",
        "constant-case": "^3.0.4",
        "dot-case": "^3.0.4",
        "header-case": "^2.0.4",
        "no-case": "^3.0.4",
        "param-case": "^3.0.4",
        "pascal-case": "^3.1.2",
        "path-case": "^3.0.4",
        "sentence-case": "^3.0.4",
        "snake-case": "^3.0.4",
        "tslib": "^2.0.3"
      },
      "dependencies": {
        "tslib": {
          "version": "2.3.0",
          "resolved": "http://172.18.19.203:4873/tslib/-/tslib-2.3.0.tgz",
          "integrity": "sha1-gDuM2rPhK6WBpMpByIObuw2ssJ4=",
          "dev": true
        }
      }
    },
    "colorette": {
      "version": "1.2.2",
      "resolved": "http://172.18.19.203:4873/colorette/-/colorette-1.2.2.tgz",
      "integrity": "sha1-y8x51emcrqLb8Q6zom/Ys+as+pQ=",
      "dev": true
    },
    "consolidate": {
      "version": "0.16.0",
      "resolved": "http://172.18.19.203:4873/consolidate/-/consolidate-0.16.0.tgz",
      "integrity": "sha1-oRhkdokw8vGUMWYKZZBmaPX73BY=",
      "dev": true,
      "requires": {
        "bluebird": "^3.7.2"
      }
    },
    "constant-case": {
      "version": "3.0.4",
      "resolved": "http://172.18.19.203:4873/constant-case/-/constant-case-3.0.4.tgz",
      "integrity": "sha1-O4Sprq9M8x7EXmv13pG9+wWJ+vE=",
      "dev": true,
      "requires": {
        "no-case": "^3.0.4",
        "tslib": "^2.0.3",
        "upper-case": "^2.0.2"
      },
      "dependencies": {
        "tslib": {
          "version": "2.3.0",
          "resolved": "http://172.18.19.203:4873/tslib/-/tslib-2.3.0.tgz",
          "integrity": "sha1-gDuM2rPhK6WBpMpByIObuw2ssJ4=",
          "dev": true
        }
      }
    },
    "copy-anything": {
      "version": "2.0.3",
      "resolved": "http://172.18.19.203:4873/copy-anything/-/copy-anything-2.0.3.tgz",
      "integrity": "sha1-hCQHugJGaw34RIGbvjuuu+XUXYc=",
      "dev": true,
      "requires": {
        "is-what": "^3.12.0"
      }
    },
    "cssesc": {
      "version": "3.0.0",
      "resolved": "http://172.18.19.203:4873/cssesc/-/cssesc-3.0.0.tgz",
      "integrity": "sha512-/Tb/JcjK111nNScGob5MNtsntNM1aCNUDipB/TkwZFhyDrrE47SOx/18wF2bbjgc3ZzCSKW1T5nt5EbFoAz/Vg==",
      "dev": true
    },
    "csstype": {
      "version": "2.6.17",
      "resolved": "http://172.18.19.203:4873/csstype/-/csstype-2.6.17.tgz",
      "integrity": "sha1-TPMOuH4dGgBdi2UQ+VKSQT9qHA4="
    },
    "debug": {
      "version": "3.2.7",
      "resolved": "http://172.18.19.203:4873/debug/-/debug-3.2.7.tgz",
      "integrity": "sha1-clgLfpFF+zm2Z2+cXl+xALk0F5o=",
      "dev": true,
      "optional": true,
      "requires": {
        "ms": "^2.1.1"
      }
    },
    "dot-case": {
      "version": "3.0.4",
      "resolved": "http://172.18.19.203:4873/dot-case/-/dot-case-3.0.4.tgz",
      "integrity": "sha1-mytnDQCkMWZ6inW6Kc0bmICc51E=",
      "dev": true,
      "requires": {
        "no-case": "^3.0.4",
        "tslib": "^2.0.3"
      },
      "dependencies": {
        "tslib": {
          "version": "2.3.0",
          "resolved": "http://172.18.19.203:4873/tslib/-/tslib-2.3.0.tgz",
          "integrity": "sha1-gDuM2rPhK6WBpMpByIObuw2ssJ4=",
          "dev": true
        }
      }
    },
    "emojis-list": {
      "version": "3.0.0",
      "resolved": "http://172.18.19.203:4873/emojis-list/-/emojis-list-3.0.0.tgz",
      "integrity": "sha512-/kyM18EfinwXZbno9FyUGeFh87KC8HRQBQGildHZbEuRyWFOmv1U10o9BBp8XVZDVNNuQKyIGIu5ZYAAXJ0V2Q==",
      "dev": true
    },
    "entities": {
      "version": "2.1.0",
      "resolved": "http://172.18.19.203:4873/entities/-/entities-2.1.0.tgz",
      "integrity": "sha1-mS0xKc999ocLlsV4WMJJoSD4uLU="
    },
    "errno": {
      "version": "0.1.8",
      "resolved": "http://172.18.19.203:4873/errno/-/errno-0.1.8.tgz",
      "integrity": "sha1-i7Ppx9Rjvkl2/4iPdrSAnrwugR8=",
      "dev": true,
      "optional": true,
      "requires": {
        "prr": "~1.0.1"
      }
    },
    "es-module-lexer": {
      "version": "0.6.0",
      "resolved": "http://172.18.19.203:4873/es-module-lexer/-/es-module-lexer-0.6.0.tgz",
      "integrity": "sha1-5yqwW3QS5iub43w3oJvbYADXBvA=",
      "dev": true
    },
    "esbuild": {
      "version": "0.12.12",
      "resolved": "http://172.18.19.203:4873/esbuild/-/esbuild-0.12.12.tgz",
      "integrity": "sha1-LDgVxQjiD3cc9rL/sDqnNJ5lFlc=",
      "dev": true
    },
    "esprima": {
      "version": "4.0.1",
      "resolved": "http://172.18.19.203:4873/esprima/-/esprima-4.0.1.tgz",
      "integrity": "sha512-eGuFFw7Upda+g4p+QHvnW0RyTX/SVeJBDM/gCtMARO0cLuT2HcEKnTPvhjV6aGeqrCB/sbNop0Kszm0jsaWU4A=="
    },
    "estree-walker": {
      "version": "2.0.2",
      "resolved": "http://172.18.19.203:4873/estree-walker/-/estree-walker-2.0.2.tgz",
      "integrity": "sha1-UvAQF4wqTBF6d1fP6UKtt9LaTKw="
    },
    "extend-shallow": {
      "version": "2.0.1",
      "resolved": "http://172.18.19.203:4873/extend-shallow/-/extend-shallow-2.0.1.tgz",
      "integrity": "sha1-Ua99YUrZqfYQ6huvu5idaxxWiQ8=",
      "requires": {
        "is-extendable": "^0.1.0"
      }
    },
    "follow-redirects": {
      "version": "1.14.1",
      "resolved": "http://172.18.19.203:4873/follow-redirects/-/follow-redirects-1.14.1.tgz",
      "integrity": "sha1-2RFN7Qoc/dM04WTmZirQK/2R/0M="
    },
    "fsevents": {
      "version": "2.3.2",
      "resolved": "http://172.18.19.203:4873/fsevents/-/fsevents-2.3.2.tgz",
      "integrity": "sha1-ilJveLj99GI7cJ4Ll1xSwkwC/Ro=",
      "dev": true,
      "optional": true
    },
    "function-bind": {
      "version": "1.1.1",
      "resolved": "http://172.18.19.203:4873/function-bind/-/function-bind-1.1.1.tgz",
      "integrity": "sha512-yIovAzMX49sF8Yl58fSCWJ5svSLuaibPxXQJFLmBObTuCr0Mf1KiPopGM9NiFjiYBCbfaa2Fh6breQ6ANVTI0A==",
      "dev": true
    },
    "generic-names": {
      "version": "2.0.1",
      "resolved": "http://172.18.19.203:4873/generic-names/-/generic-names-2.0.1.tgz",
      "integrity": "sha1-+KN46tLMqno08DF7BVVIMq5BuHI=",
      "dev": true,
      "requires": {
        "loader-utils": "^1.1.0"
      }
    },
    "graceful-fs": {
      "version": "4.2.6",
      "resolved": "http://172.18.19.203:4873/graceful-fs/-/graceful-fs-4.2.6.tgz",
      "integrity": "sha1-/wQLKwhTsjw9MQJ1I3BvGIXXa+4=",
      "dev": true,
      "optional": true
    },
    "gray-matter": {
      "version": "4.0.3",
      "resolved": "http://172.18.19.203:4873/gray-matter/-/gray-matter-4.0.3.tgz",
      "integrity": "sha1-6JPAZIJd5z6h9ffYjHqfcnQoh5g=",
      "requires": {
        "js-yaml": "^3.13.1",
        "kind-of": "^6.0.2",
        "section-matter": "^1.0.0",
        "strip-bom-string": "^1.0.0"
      }
    },
    "has": {
      "version": "1.0.3",
      "resolved": "http://172.18.19.203:4873/has/-/has-1.0.3.tgz",
      "integrity": "sha512-f2dvO0VU6Oej7RkWJGrehjbzMAjFp5/VKPp5tTpWIV4JHHZK1/BxbFRtf/siA2SWTe09caDmVtYYzWEIbBS4zw==",
      "dev": true,
      "requires": {
        "function-bind": "^1.1.1"
      }
    },
    "hash-sum": {
      "version": "2.0.0",
      "resolved": "http://172.18.19.203:4873/hash-sum/-/hash-sum-2.0.0.tgz",
      "integrity": "sha512-WdZTbAByD+pHfl/g9QSsBIIwy8IT+EsPiKDs0KNX+zSHhdDLFKdZu0BQHljvO+0QI/BasbMSUa8wYNCZTvhslg==",
      "dev": true
    },
    "header-case": {
      "version": "2.0.4",
      "resolved": "http://172.18.19.203:4873/header-case/-/header-case-2.0.4.tgz",
      "integrity": "sha1-WkLmO1UXc0nPQFvrjXdayruSwGM=",
      "dev": true,
      "requires": {
        "capital-case": "^1.0.4",
        "tslib": "^2.0.3"
      },
      "dependencies": {
        "tslib": {
          "version": "2.3.0",
          "resolved": "http://172.18.19.203:4873/tslib/-/tslib-2.3.0.tgz",
          "integrity": "sha1-gDuM2rPhK6WBpMpByIObuw2ssJ4=",
          "dev": true
        }
      }
    },
    "iconv-lite": {
      "version": "0.4.24",
      "resolved": "http://172.18.19.203:4873/iconv-lite/-/iconv-lite-0.4.24.tgz",
      "integrity": "sha1-ICK0sl+93CHS9SSXSkdKr+czkIs=",
      "dev": true,
      "optional": true,
      "requires": {
        "safer-buffer": ">= 2.1.2 < 3"
      }
    },
    "icss-replace-symbols": {
      "version": "1.1.0",
      "resolved": "http://172.18.19.203:4873/icss-replace-symbols/-/icss-replace-symbols-1.1.0.tgz",
      "integrity": "sha1-Bupvg2ead0njhs/h/oEq5dsiPe0=",
      "dev": true
    },
    "icss-utils": {
      "version": "5.1.0",
      "resolved": "http://172.18.19.203:4873/icss-utils/-/icss-utils-5.1.0.tgz",
      "integrity": "sha1-xr5oWKvQE9do6YNmrkfiXViHsa4=",
      "dev": true
    },
    "image-size": {
      "version": "0.5.5",
      "resolved": "http://172.18.19.203:4873/image-size/-/image-size-0.5.5.tgz",
      "integrity": "sha1-Cd/Uq50g4p6xw+gLiZA3jfnjy5w=",
      "dev": true,
      "optional": true
    },
    "is-core-module": {
      "version": "2.4.0",
      "resolved": "http://172.18.19.203:4873/is-core-module/-/is-core-module-2.4.0.tgz",
      "integrity": "sha1-jp/I4VAnsBFBgCbpjw5vTYYwXME=",
      "dev": true,
      "requires": {
        "has": "^1.0.3"
      }
    },
    "is-extendable": {
      "version": "0.1.1",
      "resolved": "http://172.18.19.203:4873/is-extendable/-/is-extendable-0.1.1.tgz",
      "integrity": "sha1-YrEQ4omkcUGOPsNqYX1HLjAd/Ik="
    },
    "is-what": {
      "version": "3.14.1",
      "resolved": "http://172.18.19.203:4873/is-what/-/is-what-3.14.1.tgz",
      "integrity": "sha1-4SIvRt3ahd6tD9HJ3xMXYOd3VcE=",
      "dev": true
    },
    "js-yaml": {
      "version": "3.14.1",
      "resolved": "http://172.18.19.203:4873/js-yaml/-/js-yaml-3.14.1.tgz",
      "integrity": "sha1-2ugS/bOCX6MGYJqHFzg8UMNqBTc=",
      "requires": {
        "argparse": "^1.0.7",
        "esprima": "^4.0.0"
      }
    },
    "json5": {
      "version": "1.0.1",
      "resolved": "http://172.18.19.203:4873/json5/-/json5-1.0.1.tgz",
      "integrity": "sha512-aKS4WQjPenRxiQsC93MNfjx+nbF4PAdYzmd/1JIj8HYzqfbu86beTuNgXDzPknWk0n0uARlyewZo4s++ES36Ow==",
      "dev": true,
      "requires": {
        "minimist": "^1.2.0"
      }
    },
    "kind-of": {
      "version": "6.0.3",
      "resolved": "http://172.18.19.203:4873/kind-of/-/kind-of-6.0.3.tgz",
      "integrity": "sha1-B8BQNKbDSfoG4k+jWqdttFgM5N0="
    },
    "less": {
      "version": "4.1.1",
      "resolved": "http://172.18.19.203:4873/less/-/less-4.1.1.tgz",
      "integrity": "sha1-Fb8lOpk5eR3GkIiMP/Qk8+bH7bo=",
      "dev": true,
      "requires": {
        "copy-anything": "^2.0.1",
        "errno": "^0.1.1",
        "graceful-fs": "^4.1.2",
        "image-size": "~0.5.0",
        "make-dir": "^2.1.0",
        "mime": "^1.4.1",
        "needle": "^2.5.2",
        "parse-node-version": "^1.0.1",
        "source-map": "~0.6.0",
        "tslib": "^1.10.0"
      }
    },
    "linkify-it": {
      "version": "3.0.2",
      "resolved": "http://172.18.19.203:4873/linkify-it/-/linkify-it-3.0.2.tgz",
      "integrity": "sha1-9V7ri8HTrnVASeEkqzu1bZd5f7g=",
      "requires": {
        "uc.micro": "^1.0.1"
      }
    },
    "loader-utils": {
      "version": "1.4.0",
      "resolved": "http://172.18.19.203:4873/loader-utils/-/loader-utils-1.4.0.tgz",
      "integrity": "sha1-xXm140yzSxp07cbB+za/o3HVphM=",
      "dev": true,
      "requires": {
        "big.js": "^5.2.2",
        "emojis-list": "^3.0.0",
        "json5": "^1.0.1"
      }
    },
    "lodash.camelcase": {
      "version": "4.3.0",
      "resolved": "http://172.18.19.203:4873/lodash.camelcase/-/lodash.camelcase-4.3.0.tgz",
      "integrity": "sha1-soqmKIorn8ZRA1x3EfZathkDMaY=",
      "dev": true
    },
    "lower-case": {
      "version": "2.0.2",
      "resolved": "http://172.18.19.203:4873/lower-case/-/lower-case-2.0.2.tgz",
      "integrity": "sha1-b6I3xj29xKgsoP2ILkci3F5jTig=",
      "dev": true,
      "requires": {
        "tslib": "^2.0.3"
      },
      "dependencies": {
        "tslib": {
          "version": "2.3.0",
          "resolved": "http://172.18.19.203:4873/tslib/-/tslib-2.3.0.tgz",
          "integrity": "sha1-gDuM2rPhK6WBpMpByIObuw2ssJ4=",
          "dev": true
        }
      }
    },
    "lru-cache": {
      "version": "5.1.1",
      "resolved": "http://172.18.19.203:4873/lru-cache/-/lru-cache-5.1.1.tgz",
      "integrity": "sha512-KpNARQA3Iwv+jTA0utUVVbrh+Jlrr1Fv0e56GGzAFOXN7dk/FviaDW8LHmK52DlcH4WP2n6gI8vN1aesBFgo9w==",
      "dev": true,
      "requires": {
        "yallist": "^3.0.2"
      }
    },
    "magic-string": {
      "version": "0.25.7",
      "resolved": "http://172.18.19.203:4873/magic-string/-/magic-string-0.25.7.tgz",
      "integrity": "sha1-P0l9b9NMZpxnmNy4IfLvMfVEUFE=",
      "dev": true,
      "requires": {
        "sourcemap-codec": "^1.4.4"
      }
    },
    "make-dir": {
      "version": "2.1.0",
      "resolved": "http://172.18.19.203:4873/make-dir/-/make-dir-2.1.0.tgz",
      "integrity": "sha512-LS9X+dc8KLxXCb8dni79fLIIUA5VyZoyjSMCwTluaXA0o27cCK0bhXkpgw+sTXVpPy/lSO57ilRixqk0vDmtRA==",
      "dev": true,
      "optional": true,
      "requires": {
        "pify": "^4.0.1",
        "semver": "^5.6.0"
      }
    },
    "markdown-it": {
      "version": "12.0.6",
      "resolved": "http://172.18.19.203:4873/markdown-it/-/markdown-it-12.0.6.tgz",
      "integrity": "sha1-rcyOX+Agryksy98WH+hPGWFRYTg=",
      "requires": {
        "argparse": "^2.0.1",
        "entities": "~2.1.0",
        "linkify-it": "^3.0.1",
        "mdurl": "^1.0.1",
        "uc.micro": "^1.0.5"
      },
      "dependencies": {
        "argparse": {
          "version": "2.0.1",
          "resolved": "http://172.18.19.203:4873/argparse/-/argparse-2.0.1.tgz",
          "integrity": "sha1-JG9Q88p4oyQPbJl+ipvR6sSeSzg="
        }
      }
    },
    "mdurl": {
      "version": "1.0.1",
      "resolved": "http://172.18.19.203:4873/mdurl/-/mdurl-1.0.1.tgz",
      "integrity": "sha1-/oWy7HWlkDfyrf7BAP1sYBdhFS4="
    },
    "merge-source-map": {
      "version": "1.1.0",
      "resolved": "http://172.18.19.203:4873/merge-source-map/-/merge-source-map-1.1.0.tgz",
      "integrity": "sha512-Qkcp7P2ygktpMPh2mCQZaf3jhN6D3Z/qVZHSdWvQ+2Ef5HgRAPBO57A77+ENm0CPx2+1Ce/MYKi3ymqdfuqibw==",
      "dev": true,
      "requires": {
        "source-map": "^0.6.1"
      }
    },
    "mime": {
      "version": "1.6.0",
      "resolved": "http://172.18.19.203:4873/mime/-/mime-1.6.0.tgz",
      "integrity": "sha512-x0Vn8spI+wuJ1O6S7gnbaQg8Pxh4NNHb7KSINmEWKiPE4RKOplvijn+NkmYmmRgP68mc70j2EbeTFRsrswaQeg==",
      "dev": true,
      "optional": true
    },
    "minimist": {
      "version": "1.2.5",
      "resolved": "http://172.18.19.203:4873/minimist/-/minimist-1.2.5.tgz",
      "integrity": "sha1-Z9ZgFLZqaoqqDAg8X9WN9OTpdgI=",
      "dev": true
    },
    "ms": {
      "version": "2.1.3",
      "resolved": "http://172.18.19.203:4873/ms/-/ms-2.1.3.tgz",
      "integrity": "sha1-V0yBOM4dK1hh8LRFedut1gxmFbI=",
      "dev": true,
      "optional": true
    },
    "nanoid": {
      "version": "3.1.23",
      "resolved": "http://172.18.19.203:4873/nanoid/-/nanoid-3.1.23.tgz",
      "integrity": "sha1-90QIbOfCvEfuCoRyV01ceOQYOoE=",
      "dev": true
    },
    "needle": {
      "version": "2.6.0",
      "resolved": "http://172.18.19.203:4873/needle/-/needle-2.6.0.tgz",
      "integrity": "sha1-JNu1XyUJ4jJLSpnWH0E5ggE8zb4=",
      "dev": true,
      "optional": true,
      "requires": {
        "debug": "^3.2.6",
        "iconv-lite": "^0.4.4",
        "sax": "^1.2.4"
      }
    },
    "no-case": {
      "version": "3.0.4",
      "resolved": "http://172.18.19.203:4873/no-case/-/no-case-3.0.4.tgz",
      "integrity": "sha1-02H9XJgA9VhVGoNp/A3NRmK2Ek0=",
      "dev": true,
      "requires": {
        "lower-case": "^2.0.2",
        "tslib": "^2.0.3"
      },
      "dependencies": {
        "tslib": {
          "version": "2.3.0",
          "resolved": "http://172.18.19.203:4873/tslib/-/tslib-2.3.0.tgz",
          "integrity": "sha1-gDuM2rPhK6WBpMpByIObuw2ssJ4=",
          "dev": true
        }
      }
    },
    "object-assign": {
      "version": "4.1.1",
      "resolved": "http://172.18.19.203:4873/object-assign/-/object-assign-4.1.1.tgz",
      "integrity": "sha1-IQmtx5ZYh8/AXLvUQsrIv7s2CGM=",
      "dev": true
    },
    "param-case": {
      "version": "3.0.4",
      "resolved": "http://172.18.19.203:4873/param-case/-/param-case-3.0.4.tgz",
      "integrity": "sha1-fRf+SqEr3jTUp32RrPtiGcqtAcU=",
      "dev": true,
      "requires": {
        "dot-case": "^3.0.4",
        "tslib": "^2.0.3"
      },
      "dependencies": {
        "tslib": {
          "version": "2.3.0",
          "resolved": "http://172.18.19.203:4873/tslib/-/tslib-2.3.0.tgz",
          "integrity": "sha1-gDuM2rPhK6WBpMpByIObuw2ssJ4=",
          "dev": true
        }
      }
    },
    "parse-node-version": {
      "version": "1.0.1",
      "resolved": "http://172.18.19.203:4873/parse-node-version/-/parse-node-version-1.0.1.tgz",
      "integrity": "sha1-4rXb7eAOf6m8NjYH9TMn6LBzGJs=",
      "dev": true
    },
    "pascal-case": {
      "version": "3.1.2",
      "resolved": "http://172.18.19.203:4873/pascal-case/-/pascal-case-3.1.2.tgz",
      "integrity": "sha1-tI4O8rmOIF58Ha50fQsVCCN2YOs=",
      "dev": true,
      "requires": {
        "no-case": "^3.0.4",
        "tslib": "^2.0.3"
      },
      "dependencies": {
        "tslib": {
          "version": "2.3.0",
          "resolved": "http://172.18.19.203:4873/tslib/-/tslib-2.3.0.tgz",
          "integrity": "sha1-gDuM2rPhK6WBpMpByIObuw2ssJ4=",
          "dev": true
        }
      }
    },
    "path-case": {
      "version": "3.0.4",
      "resolved": "http://172.18.19.203:4873/path-case/-/path-case-3.0.4.tgz",
      "integrity": "sha1-kWhkUzTrlCZYN1xW+AtMDLX4LG8=",
      "dev": true,
      "requires": {
        "dot-case": "^3.0.4",
        "tslib": "^2.0.3"
      },
      "dependencies": {
        "tslib": {
          "version": "2.3.0",
          "resolved": "http://172.18.19.203:4873/tslib/-/tslib-2.3.0.tgz",
          "integrity": "sha1-gDuM2rPhK6WBpMpByIObuw2ssJ4=",
          "dev": true
        }
      }
    },
    "path-parse": {
      "version": "1.0.7",
      "resolved": "http://172.18.19.203:4873/path-parse/-/path-parse-1.0.7.tgz",
      "integrity": "sha1-+8EUtgykKzDZ2vWFjkvWi77bZzU=",
      "dev": true
    },
    "picomatch": {
      "version": "2.3.0",
      "resolved": "http://172.18.19.203:4873/picomatch/-/picomatch-2.3.0.tgz",
      "integrity": "sha1-8fBh3o9qS/AiiS4tEoI0+5gwKXI=",
      "dev": true
    },
    "pify": {
      "version": "4.0.1",
      "resolved": "http://172.18.19.203:4873/pify/-/pify-4.0.1.tgz",
      "integrity": "sha512-uB80kBFb/tfd68bVleG9T5GGsGPjJrLAUpR5PZIrhBnIaRTQRjqdJSsIKkOP6OAIFbj7GOrcudc5pNjZ+geV2g==",
      "dev": true,
      "optional": true
    },
    "postcss": {
      "version": "8.3.5",
      "resolved": "http://172.18.19.203:4873/postcss/-/postcss-8.3.5.tgz",
      "integrity": "sha1-mCIWsRNBK8IKhiiekeuZSVKltwk=",
      "dev": true,
      "requires": {
        "colorette": "^1.2.2",
        "nanoid": "^3.1.23",
        "source-map-js": "^0.6.2"
      }
    },
    "postcss-modules": {
      "version": "4.1.3",
      "resolved": "http://172.18.19.203:4873/postcss-modules/-/postcss-modules-4.1.3.tgz",
      "integrity": "sha1-xMTEHZjZfSTHDojaz8l69aSz4h0=",
      "dev": true,
      "requires": {
        "generic-names": "^2.0.1",
        "icss-replace-symbols": "^1.1.0",
        "lodash.camelcase": "^4.3.0",
        "postcss-modules-extract-imports": "^3.0.0",
        "postcss-modules-local-by-default": "^4.0.0",
        "postcss-modules-scope": "^3.0.0",
        "postcss-modules-values": "^4.0.0",
        "string-hash": "^1.1.1"
      }
    },
    "postcss-modules-extract-imports": {
      "version": "3.0.0",
      "resolved": "http://172.18.19.203:4873/postcss-modules-extract-imports/-/postcss-modules-extract-imports-3.0.0.tgz",
      "integrity": "sha1-zaHwR8CugMl9vijD52pDuIAldB0=",
      "dev": true
    },
    "postcss-modules-local-by-default": {
      "version": "4.0.0",
      "resolved": "http://172.18.19.203:4873/postcss-modules-local-by-default/-/postcss-modules-local-by-default-4.0.0.tgz",
      "integrity": "sha1-67tU+uFZjuz99pGgKz/zs5ClpRw=",
      "dev": true,
      "requires": {
        "icss-utils": "^5.0.0",
        "postcss-selector-parser": "^6.0.2",
        "postcss-value-parser": "^4.1.0"
      }
    },
    "postcss-modules-scope": {
      "version": "3.0.0",
      "resolved": "http://172.18.19.203:4873/postcss-modules-scope/-/postcss-modules-scope-3.0.0.tgz",
      "integrity": "sha1-nvMVFFbTu/oSDKRImN/Kby+gHwY=",
      "dev": true,
      "requires": {
        "postcss-selector-parser": "^6.0.4"
      }
    },
    "postcss-modules-values": {
      "version": "4.0.0",
      "resolved": "http://172.18.19.203:4873/postcss-modules-values/-/postcss-modules-values-4.0.0.tgz",
      "integrity": "sha1-18Xn5ow7s8myfL9Iyguz/7RgLJw=",
      "dev": true,
      "requires": {
        "icss-utils": "^5.0.0"
      }
    },
    "postcss-px-to-viewport": {
      "version": "1.1.1",
      "resolved": "http://172.18.19.203:4873/postcss-px-to-viewport/-/postcss-px-to-viewport-1.1.1.tgz",
      "integrity": "sha1-olykELVTyYksyLUlzHENpHvxqlU=",
      "dev": true,
      "requires": {
        "object-assign": ">=4.0.1",
        "postcss": ">=5.0.2"
      }
    },
    "postcss-selector-parser": {
      "version": "6.0.6",
      "resolved": "http://172.18.19.203:4873/postcss-selector-parser/-/postcss-selector-parser-6.0.6.tgz",
      "integrity": "sha1-LFu6gXSsL2mBq2MaQqsO5UrzMuo=",
      "dev": true,
      "requires": {
        "cssesc": "^3.0.0",
        "util-deprecate": "^1.0.2"
      }
    },
    "postcss-value-parser": {
      "version": "4.1.0",
      "resolved": "http://172.18.19.203:4873/postcss-value-parser/-/postcss-value-parser-4.1.0.tgz",
      "integrity": "sha1-RD9qIM7WSBor2k+oUypuVdeJoss=",
      "dev": true
    },
    "prr": {
      "version": "1.0.1",
      "resolved": "http://172.18.19.203:4873/prr/-/prr-1.0.1.tgz",
      "integrity": "sha1-0/wRS6BplaRexok/SEzrHXj19HY=",
      "dev": true,
      "optional": true
    },
    "resolve": {
      "version": "1.20.0",
      "resolved": "http://172.18.19.203:4873/resolve/-/resolve-1.20.0.tgz",
      "integrity": "sha1-YpoBP7P3B1XW8LeTXMHCxTeLGXU=",
      "dev": true,
      "requires": {
        "is-core-module": "^2.2.0",
        "path-parse": "^1.0.6"
      }
    },
    "rollup": {
      "version": "2.52.3",
      "resolved": "http://172.18.19.203:4873/rollup/-/rollup-2.52.3.tgz",
      "integrity": "sha1-Bi/DyF9nc21nWHSTEM/uZINsTio=",
      "dev": true,
      "requires": {
        "fsevents": "~2.3.2"
      }
    },
    "safer-buffer": {
      "version": "2.1.2",
      "resolved": "http://172.18.19.203:4873/safer-buffer/-/safer-buffer-2.1.2.tgz",
      "integrity": "sha1-RPoWGwGHuVSd2Eu5GAL5vYOFzWo=",
      "dev": true,
      "optional": true
    },
    "sax": {
      "version": "1.2.4",
      "resolved": "http://172.18.19.203:4873/sax/-/sax-1.2.4.tgz",
      "integrity": "sha512-NqVDv9TpANUjFm0N8uM5GxL36UgKi9/atZw+x7YFnQ8ckwFGKrl4xX4yWtrey3UJm5nP1kUbnYgLopqWNSRhWw==",
      "dev": true,
      "optional": true
    },
    "section-matter": {
      "version": "1.0.0",
      "resolved": "http://172.18.19.203:4873/section-matter/-/section-matter-1.0.0.tgz",
      "integrity": "sha1-6QQZU1BngOwB1Z8pKhnHuFC4QWc=",
      "requires": {
        "extend-shallow": "^2.0.1",
        "kind-of": "^6.0.0"
      }
    },
    "semver": {
      "version": "5.7.1",
      "resolved": "http://172.18.19.203:4873/semver/-/semver-5.7.1.tgz",
      "integrity": "sha512-sauaDf/PZdVgrLTNYHRtpXa1iRiKcaebiKQ1BJdpQlWH2lCvexQdX55snPFyK7QzpudqbCI0qXFfOasHdyNDGQ==",
      "dev": true,
      "optional": true
    },
    "sentence-case": {
      "version": "3.0.4",
      "resolved": "http://172.18.19.203:4873/sentence-case/-/sentence-case-3.0.4.tgz",
      "integrity": "sha1-NkWnuMEXx4f96HAgViJbtipFEx8=",
      "dev": true,
      "requires": {
        "no-case": "^3.0.4",
        "tslib": "^2.0.3",
        "upper-case-first": "^2.0.2"
      },
      "dependencies": {
        "tslib": {
          "version": "2.3.0",
          "resolved": "http://172.18.19.203:4873/tslib/-/tslib-2.3.0.tgz",
          "integrity": "sha1-gDuM2rPhK6WBpMpByIObuw2ssJ4=",
          "dev": true
        }
      }
    },
    "snake-case": {
      "version": "3.0.4",
      "resolved": "http://172.18.19.203:4873/snake-case/-/snake-case-3.0.4.tgz",
      "integrity": "sha1-Tyu9Vo6ZNavf1ZPzTGkdrbScRSw=",
      "dev": true,
      "requires": {
        "dot-case": "^3.0.4",
        "tslib": "^2.0.3"
      },
      "dependencies": {
        "tslib": {
          "version": "2.3.0",
          "resolved": "http://172.18.19.203:4873/tslib/-/tslib-2.3.0.tgz",
          "integrity": "sha1-gDuM2rPhK6WBpMpByIObuw2ssJ4=",
          "dev": true
        }
      }
    },
    "source-map": {
      "version": "0.6.1",
      "resolved": "http://172.18.19.203:4873/source-map/-/source-map-0.6.1.tgz",
      "integrity": "sha512-UjgapumWlbMhkBgzT7Ykc5YXUT46F0iKu8SGXq0bcwP5dz/h0Plj6enJqjz1Zbq2l5WaqYnrVbwWOWMyF3F47g=="
    },
    "source-map-js": {
      "version": "0.6.2",
      "resolved": "http://172.18.19.203:4873/source-map-js/-/source-map-js-0.6.2.tgz",
      "integrity": "sha1-C7XeYxtBz72mz7qL0FqA79/SOF4=",
      "dev": true
    },
    "sourcemap-codec": {
      "version": "1.4.8",
      "resolved": "http://172.18.19.203:4873/sourcemap-codec/-/sourcemap-codec-1.4.8.tgz",
      "integrity": "sha1-6oBL2UhXQC5pktBaOO8a41qatMQ=",
      "dev": true
    },
    "sprintf-js": {
      "version": "1.0.3",
      "resolved": "http://172.18.19.203:4873/sprintf-js/-/sprintf-js-1.0.3.tgz",
      "integrity": "sha1-BOaSb2YolTVPPdAVIDYzuFcpfiw="
    },
    "string-hash": {
      "version": "1.1.3",
      "resolved": "http://172.18.19.203:4873/string-hash/-/string-hash-1.1.3.tgz",
      "integrity": "sha1-6Kr8CsGFW0Zmkp7X3RJ1311sgRs=",
      "dev": true
    },
    "strip-bom-string": {
      "version": "1.0.0",
      "resolved": "http://172.18.19.203:4873/strip-bom-string/-/strip-bom-string-1.0.0.tgz",
      "integrity": "sha1-5SEekiQ2n7uB1jOi8ABE3IztrZI="
    },
    "to-fast-properties": {
      "version": "2.0.0",
      "resolved": "http://172.18.19.203:4873/to-fast-properties/-/to-fast-properties-2.0.0.tgz",
      "integrity": "sha1-3F5pjL0HkmW8c+A3doGk5Og/YW4="
    },
    "tslib": {
      "version": "1.14.1",
      "resolved": "http://172.18.19.203:4873/tslib/-/tslib-1.14.1.tgz",
      "integrity": "sha1-zy04vcNKE0vK8QkcQfZhni9nLQA=",
      "dev": true
    },
    "uc.micro": {
      "version": "1.0.6",
      "resolved": "http://172.18.19.203:4873/uc.micro/-/uc.micro-1.0.6.tgz",
      "integrity": "sha1-nEEagCpAmpH8bPdAgbq6NLJEmaw="
    },
    "upper-case": {
      "version": "2.0.2",
      "resolved": "http://172.18.19.203:4873/upper-case/-/upper-case-2.0.2.tgz",
      "integrity": "sha1-2JgQgj+qsd8VSbfZenb4Ziuub3o=",
      "dev": true,
      "requires": {
        "tslib": "^2.0.3"
      },
      "dependencies": {
        "tslib": {
          "version": "2.3.0",
          "resolved": "http://172.18.19.203:4873/tslib/-/tslib-2.3.0.tgz",
          "integrity": "sha1-gDuM2rPhK6WBpMpByIObuw2ssJ4=",
          "dev": true
        }
      }
    },
    "upper-case-first": {
      "version": "2.0.2",
      "resolved": "http://172.18.19.203:4873/upper-case-first/-/upper-case-first-2.0.2.tgz",
      "integrity": "sha1-mSwyc/iCq9GdHgKJTMFHEX+EQyQ=",
      "dev": true,
      "requires": {
        "tslib": "^2.0.3"
      },
      "dependencies": {
        "tslib": {
          "version": "2.3.0",
          "resolved": "http://172.18.19.203:4873/tslib/-/tslib-2.3.0.tgz",
          "integrity": "sha1-gDuM2rPhK6WBpMpByIObuw2ssJ4=",
          "dev": true
        }
      }
    },
    "util-deprecate": {
      "version": "1.0.2",
      "resolved": "http://172.18.19.203:4873/util-deprecate/-/util-deprecate-1.0.2.tgz",
      "integrity": "sha1-RQ1Nyfpw3nMnYvvS1KKJgUGaDM8=",
      "dev": true
    },
    "vant": {
      "version": "3.1.1",
      "resolved": "http://172.18.19.203:4873/vant/-/vant-3.1.1.tgz",
      "integrity": "sha1-/eR+dDBpFH3pMw01WOidEUQlcrk=",
      "requires": {
        "@vant/icons": "^1.6.0",
        "@vant/lazyload": "^1.2.0",
        "@vant/popperjs": "^1.1.0",
        "@vant/use": "^1.1.2"
      }
    },
    "vite": {
      "version": "2.3.8",
      "resolved": "http://172.18.19.203:4873/vite/-/vite-2.3.8.tgz",
      "integrity": "sha1-QuPgOVOFn9QQ5OarPRzKCqsq3Dw=",
      "dev": true,
      "requires": {
        "esbuild": "^0.12.8",
        "fsevents": "~2.3.2",
        "postcss": "^8.3.4",
        "resolve": "^1.20.0",
        "rollup": "^2.38.5"
      }
    },
    "vite-plugin-md": {
      "version": "0.6.7",
      "resolved": "http://172.18.19.203:4873/vite-plugin-md/-/vite-plugin-md-0.6.7.tgz",
      "integrity": "sha1-YxiwWabZaAMMkIyB8Gao6B7QwLw=",
      "requires": {
        "gray-matter": "^4.0.3",
        "markdown-it": "^12.0.6"
      }
    },
    "vite-plugin-style-import": {
      "version": "1.0.1",
      "resolved": "http://172.18.19.203:4873/vite-plugin-style-import/-/vite-plugin-style-import-1.0.1.tgz",
      "integrity": "sha1-v2EzfdEeTrwPNV8nHgbTdLHKXHk=",
      "dev": true,
      "requires": {
        "@rollup/pluginutils": "^4.1.0",
        "change-case": "^4.1.2",
        "debug": "^4.3.2",
        "es-module-lexer": "^0.6.0",
        "magic-string": "^0.25.7"
      },
      "dependencies": {
        "debug": {
          "version": "4.3.2",
          "resolved": "http://172.18.19.203:4873/debug/-/debug-4.3.2.tgz",
          "integrity": "sha1-8KScGKyHeeMdSgxgKd+3aHPHQos=",
          "dev": true,
          "requires": {
            "ms": "2.1.2"
          }
        },
        "ms": {
          "version": "2.1.2",
          "resolved": "http://172.18.19.203:4873/ms/-/ms-2.1.2.tgz",
          "integrity": "sha512-sGkPx+VjMtmA6MX27oA4FBFELFCZZ4S4XqeGOXCv68tT+jb3vk/RyaKWP0PTKyWtmLSM0b+adUTEvbs1PEaH2w==",
          "dev": true
        }
      }
    },
    "vue": {
      "version": "3.1.2",
      "resolved": "http://172.18.19.203:4873/vue/-/vue-3.1.2.tgz",
      "integrity": "sha1-ZH+OOUmj1gB3Hcol1QIl3D5ZTGQ=",
      "requires": {
        "@vue/compiler-dom": "3.1.2",
        "@vue/runtime-dom": "3.1.2",
        "@vue/shared": "3.1.2"
      }
    },
    "vue-router": {
      "version": "4.0.10",
      "resolved": "http://172.18.19.203:4873/vue-router/-/vue-router-4.0.10.tgz",
      "integrity": "sha1-7I/aAylJsqMdMnMXD483bobrUqw=",
      "requires": {
        "@vue/devtools-api": "^6.0.0-beta.14"
      }
    },
    "yallist": {
      "version": "3.1.1",
      "resolved": "http://172.18.19.203:4873/yallist/-/yallist-3.1.1.tgz",
      "integrity": "sha1-27fa+b/YusmrRev2ArjLrQ1dCP0=",
      "dev": true
    }
  }
}
